{
  "name": "firstfullstackbackend",
  "version": "1.0.0",
  "lockfileVersion": 3,
  "requires": true,
  "packages": {
    "": {
      "name": "firstfullstackbackend",
      "version": "1.0.0",
      "dependencies": {
        "k6": "file:vendor/k6"
      }
    },
    "node_modules/k6": {
      "resolved": "vendor/k6",
      "link": true
    },
    "vendor/k6": {
      "version": "0.0.0-local"
    }
  }
}
